
Microsoft Visual Studio Solution File, Format Version 12.00
# Visual Studio Version 17
VisualStudioVersion = 17.7.34202.233
MinimumVisualStudioVersion = 10.0.40219.1
Project("{FAE04EC0-301F-11D3-BF4B-00C04F79EFBC}") = "Odev ogretmen atama", "Odev ogretmen atama\Odev ogretmen atama.csproj", "{A6F3E161-6B5F-40B5-B6A4-6931325FF5B5}"
EndProject
Global
	GlobalSection(SolutionConfigurationPlatforms) = preSolution
		Debug|Any CPU = Debug|Any CPU
		Release|Any CPU = Release|Any CPU
	EndGlobalSection
	GlobalSection(ProjectConfigurationPlatforms) = postSolution
		{A6F3E161-6B5F-40B5-B6A4-6931325FF5B5}.Debug|Any CPU.ActiveCfg = Debug|Any CPU
		{A6F3E161-6B5F-40B5-B6A4-6931325FF5B5}.Debug|Any CPU.Build.0 = Debug|Any CPU
		{A6F3E161-6B5F-40B5-B6A4-6931325FF5B5}.Release|Any CPU.ActiveCfg = Release|Any CPU
		{A6F3E161-6B5F-40B5-B6A4-6931325FF5B5}.Release|Any CPU.Build.0 = Release|Any CPU
	EndGlobalSection
	GlobalSection(SolutionProperties) = preSolution
		HideSolutionNode = FALSE
	EndGlobalSection
	GlobalSection(ExtensibilityGlobals) = postSolution
		SolutionGuid = {21C9FC7E-7FC2-46BC-AC1F-A9A53271D95E}
	EndGlobalSection
EndGlobal
