
Microsoft Visual Studio Solution File, Format Version 12.00
# Visual Studio Version 17
VisualStudioVersion = 17.7.34202.233
MinimumVisualStudioVersion = 10.0.40219.1
Project("{FAE04EC0-301F-11D3-BF4B-00C04F79EFBC}") = "Odev en kuçuk değer", "Odev en kuçuk değer\Odev en kuçuk değer.csproj", "{823214F4-0227-4052-8AE5-49A0087AC78B}"
EndProject
Global
	GlobalSection(SolutionConfigurationPlatforms) = preSolution
		Debug|Any CPU = Debug|Any CPU
		Release|Any CPU = Release|Any CPU
	EndGlobalSection
	GlobalSection(ProjectConfigurationPlatforms) = postSolution
		{823214F4-0227-4052-8AE5-49A0087AC78B}.Debug|Any CPU.ActiveCfg = Debug|Any CPU
		{823214F4-0227-4052-8AE5-49A0087AC78B}.Debug|Any CPU.Build.0 = Debug|Any CPU
		{823214F4-0227-4052-8AE5-49A0087AC78B}.Release|Any CPU.ActiveCfg = Release|Any CPU
		{823214F4-0227-4052-8AE5-49A0087AC78B}.Release|Any CPU.Build.0 = Release|Any CPU
	EndGlobalSection
	GlobalSection(SolutionProperties) = preSolution
		HideSolutionNode = FALSE
	EndGlobalSection
	GlobalSection(ExtensibilityGlobals) = postSolution
		SolutionGuid = {14203367-6C03-478F-B749-C8037BD2ADDD}
	EndGlobalSection
EndGlobal
